
Microsoft Visual Studio Solution File, Format Version 12.00
# Visual Studio 15
VisualStudioVersion = 15.0.26730.16
MinimumVisualStudioVersion = 10.0.40219.1
Project("{FAE04EC0-301F-11D3-BF4B-00C04F79EFBC}") = "Hello", "Hello\Hello.csproj", "{E67C4900-A017-4D10-8E2D-88D2E1F467E4}"
EndProject
Global
	GlobalSection(SolutionConfigurationPlatforms) = preSolution
		Debug|Any CPU = Debug|Any CPU
		Release|Any CPU = Release|Any CPU
	EndGlobalSection
	GlobalSection(ProjectConfigurationPlatforms) = postSolution
		{E67C4900-A017-4D10-8E2D-88D2E1F467E4}.Debug|Any CPU.ActiveCfg = Debug|Any CPU
		{E67C4900-A017-4D10-8E2D-88D2E1F467E4}.Debug|Any CPU.Build.0 = Debug|Any CPU
		{E67C4900-A017-4D10-8E2D-88D2E1F467E4}.Release|Any CPU.ActiveCfg = Release|Any CPU
		{E67C4900-A017-4D10-8E2D-88D2E1F467E4}.Release|Any CPU.Build.0 = Release|Any CPU
	EndGlobalSection
	GlobalSection(SolutionProperties) = preSolution
		HideSolutionNode = FALSE
	EndGlobalSection
	GlobalSection(ExtensibilityGlobals) = postSolution
		SolutionGuid = {C3345CF1-8FE6-4BF5-827F-38334BC463F3}
	EndGlobalSection
EndGlobal
